
Microsoft Visual Studio Solution File, Format Version 12.00
# Visual Studio Version 17
VisualStudioVersion = 17.1.32407.343
MinimumVisualStudioVersion = 10.0.40219.1
Project("{FAE04EC0-301F-11D3-BF4B-00C04F79EFBC}") = "OpenWeatherMapAPI", "OpenWeatherMapAPI.csproj", "{AEB93D1A-BD5A-425D-9877-C40876F2842E}"
EndProject
Global
	GlobalSection(SolutionConfigurationPlatforms) = preSolution
		Debug|Any CPU = Debug|Any CPU
		Release|Any CPU = Release|Any CPU
	EndGlobalSection
	GlobalSection(ProjectConfigurationPlatforms) = postSolution
		{AEB93D1A-BD5A-425D-9877-C40876F2842E}.Debug|Any CPU.ActiveCfg = Debug|Any CPU
		{AEB93D1A-BD5A-425D-9877-C40876F2842E}.Debug|Any CPU.Build.0 = Debug|Any CPU
		{AEB93D1A-BD5A-425D-9877-C40876F2842E}.Release|Any CPU.ActiveCfg = Release|Any CPU
		{AEB93D1A-BD5A-425D-9877-C40876F2842E}.Release|Any CPU.Build.0 = Release|Any CPU
	EndGlobalSection
	GlobalSection(SolutionProperties) = preSolution
		HideSolutionNode = FALSE
	EndGlobalSection
	GlobalSection(ExtensibilityGlobals) = postSolution
		SolutionGuid = {D6A6591A-51FF-4C2A-B9F3-8EFA9F660F29}
	EndGlobalSection
EndGlobal
